// !$*UTF8*$!
{
	archiveVersion = 1;
	classes = {
	};
	objectVersion = 56;
	objects = {

/* Begin PBXBuildFile section */
		8A580BEB2B3CB25F007F77C8 /* AppDelegate.swift in Sources */ = {isa = PBXBuildFile; fileRef = 8A580BEA2B3CB25F007F77C8 /* AppDelegate.swift */; };
		8A580BED2B3CB25F007F77C8 /* SceneDelegate.swift in Sources */ = {isa = PBXBuildFile; fileRef = 8A580BEC2B3CB25F007F77C8 /* SceneDelegate.swift */; };
		8A580BF52B3CB25F007F77C8 /* Refs.xcdatamodeld in Sources */ = {isa = PBXBuildFile; fileRef = 8A580BF32B3CB25F007F77C8 /* Refs.xcdatamodeld */; };
		8A580BF72B3CB262007F77C8 /* Assets.xcassets in Resources */ = {isa = PBXBuildFile; fileRef = 8A580BF62B3CB262007F77C8 /* Assets.xcassets */; };
		8A580BFA2B3CB262007F77C8 /* LaunchScreen.storyboard in Resources */ = {isa = PBXBuildFile; fileRef = 8A580BF82B3CB262007F77C8 /* LaunchScreen.storyboard */; };
		8A580C022B3CB3D0007F77C8 /* TasksVC.swift in Sources */ = {isa = PBXBuildFile; fileRef = 8A580C012B3CB3D0007F77C8 /* TasksVC.swift */; };
		8A580C042B3D6429007F77C8 /* ProfileVC.swift in Sources */ = {isa = PBXBuildFile; fileRef = 8A580C032B3D6429007F77C8 /* ProfileVC.swift */; };
		8A580C062B3D6458007F77C8 /* HowToPlayVC.swift in Sources */ = {isa = PBXBuildFile; fileRef = 8A580C052B3D6458007F77C8 /* HowToPlayVC.swift */; };
		8A580C082B3D647D007F77C8 /* MainVC.swift in Sources */ = {isa = PBXBuildFile; fileRef = 8A580C072B3D647D007F77C8 /* MainVC.swift */; };
		8A580C2D2B3DAC0B007F77C8 /* MainTabBarVC.swift in Sources */ = {isa = PBXBuildFile; fileRef = 8A580C2C2B3DAC0B007F77C8 /* MainTabBarVC.swift */; };
		8A580C2F2B3DB30F007F77C8 /* UIColorExtension.swift in Sources */ = {isa = PBXBuildFile; fileRef = 8A580C2E2B3DB30F007F77C8 /* UIColorExtension.swift */; };
		8A580C322B3DEC70007F77C8 /* UIView+Pin.swift in Sources */ = {isa = PBXBuildFile; fileRef = 8A580C312B3DEC70007F77C8 /* UIView+Pin.swift */; };
/* End PBXBuildFile section */

/* Begin PBXFileReference section */
		8A580BE72B3CB25F007F77C8 /* Refs.app */ = {isa = PBXFileReference; explicitFileType = wrapper.application; includeInIndex = 0; path = Refs.app; sourceTree = BUILT_PRODUCTS_DIR; };
		8A580BEA2B3CB25F007F77C8 /* AppDelegate.swift */ = {isa = PBXFileReference; lastKnownFileType = sourcecode.swift; path = AppDelegate.swift; sourceTree = "<group>"; };
		8A580BEC2B3CB25F007F77C8 /* SceneDelegate.swift */ = {isa = PBXFileReference; lastKnownFileType = sourcecode.swift; path = SceneDelegate.swift; sourceTree = "<group>"; };
		8A580BF42B3CB25F007F77C8 /* Refs.xcdatamodel */ = {isa = PBXFileReference; lastKnownFileType = wrapper.xcdatamodel; path = Refs.xcdatamodel; sourceTree = "<group>"; };
		8A580BF62B3CB262007F77C8 /* Assets.xcassets */ = {isa = PBXFileReference; lastKnownFileType = folder.assetcatalog; path = Assets.xcassets; sourceTree = "<group>"; };
		8A580BF92B3CB262007F77C8 /* Base */ = {isa = PBXFileReference; lastKnownFileType = file.storyboard; name = Base; path = Base.lproj/LaunchScreen.storyboard; sourceTree = "<group>"; };
		8A580BFB2B3CB262007F77C8 /* Info.plist */ = {isa = PBXFileReference; lastKnownFileType = text.plist.xml; path = Info.plist; sourceTree = "<group>"; };
		8A580C012B3CB3D0007F77C8 /* TasksVC.swift */ = {isa = PBXFileReference; lastKnownFileType = sourcecode.swift; path = TasksVC.swift; sourceTree = "<group>"; };
		8A580C032B3D6429007F77C8 /* ProfileVC.swift */ = {isa = PBXFileReference; lastKnownFileType = sourcecode.swift; path = ProfileVC.swift; sourceTree = "<group>"; };
		8A580C052B3D6458007F77C8 /* HowToPlayVC.swift */ = {isa = PBXFileReference; lastKnownFileType = sourcecode.swift; path = HowToPlayVC.swift; sourceTree = "<group>"; };
		8A580C072B3D647D007F77C8 /* MainVC.swift */ = {isa = PBXFileReference; lastKnownFileType = sourcecode.swift; path = MainVC.swift; sourceTree = "<group>"; };
		8A580C2C2B3DAC0B007F77C8 /* MainTabBarVC.swift */ = {isa = PBXFileReference; lastKnownFileType = sourcecode.swift; path = MainTabBarVC.swift; sourceTree = "<group>"; };
		8A580C2E2B3DB30F007F77C8 /* UIColorExtension.swift */ = {isa = PBXFileReference; lastKnownFileType = sourcecode.swift; path = UIColorExtension.swift; sourceTree = "<group>"; };
		8A580C312B3DEC70007F77C8 /* UIView+Pin.swift */ = {isa = PBXFileReference; lastKnownFileType = sourcecode.swift; path = "UIView+Pin.swift"; sourceTree = "<group>"; };
/* End PBXFileReference section */

/* Begin PBXFrameworksBuildPhase section */
		8A580BE42B3CB25F007F77C8 /* Frameworks */ = {
			isa = PBXFrameworksBuildPhase;
			buildActionMask = 2147483647;
			files = (
			);
			runOnlyForDeploymentPostprocessing = 0;
		};
/* End PBXFrameworksBuildPhase section */

/* Begin PBXGroup section */
		8A580BDE2B3CB25F007F77C8 = {
			isa = PBXGroup;
			children = (
				8A580BE92B3CB25F007F77C8 /* Refs */,
				8A580BE82B3CB25F007F77C8 /* Products */,
			);
			sourceTree = "<group>";
		};
		8A580BE82B3CB25F007F77C8 /* Products */ = {
			isa = PBXGroup;
			children = (
				8A580BE72B3CB25F007F77C8 /* Refs.app */,
			);
			name = Products;
			sourceTree = "<group>";
		};
		8A580BE92B3CB25F007F77C8 /* Refs */ = {
			isa = PBXGroup;
			children = (
				8A580C302B3DEC5D007F77C8 /* Extensions */,
				8A580BEA2B3CB25F007F77C8 /* AppDelegate.swift */,
				8A580BEC2B3CB25F007F77C8 /* SceneDelegate.swift */,
				8A580BF62B3CB262007F77C8 /* Assets.xcassets */,
				8A580BF82B3CB262007F77C8 /* LaunchScreen.storyboard */,
				8A580BFB2B3CB262007F77C8 /* Info.plist */,
				8A580BF32B3CB25F007F77C8 /* Refs.xcdatamodeld */,
				8A580C012B3CB3D0007F77C8 /* TasksVC.swift */,
				8A580C032B3D6429007F77C8 /* ProfileVC.swift */,
				8A580C052B3D6458007F77C8 /* HowToPlayVC.swift */,
				8A580C072B3D647D007F77C8 /* MainVC.swift */,
				8A580C2C2B3DAC0B007F77C8 /* MainTabBarVC.swift */,
			);
			path = Refs;
			sourceTree = "<group>";
		};
		8A580C302B3DEC5D007F77C8 /* Extensions */ = {
			isa = PBXGroup;
			children = (
				8A580C2E2B3DB30F007F77C8 /* UIColorExtension.swift */,
				8A580C312B3DEC70007F77C8 /* UIView+Pin.swift */,
			);
			path = Extensions;
			sourceTree = "<group>";
		};
/* End PBXGroup section */

/* Begin PBXNativeTarget section */
		8A580BE62B3CB25F007F77C8 /* Refs */ = {
			isa = PBXNativeTarget;
			buildConfigurationList = 8A580BFE2B3CB262007F77C8 /* Build configuration list for PBXNativeTarget "Refs" */;
			buildPhases = (
				8A580BE32B3CB25F007F77C8 /* Sources */,
				8A580BE42B3CB25F007F77C8 /* Frameworks */,
				8A580BE52B3CB25F007F77C8 /* Resources */,
			);
			buildRules = (
			);
			dependencies = (
			);
			name = Refs;
			productName = Refs;
			productReference = 8A580BE72B3CB25F007F77C8 /* Refs.app */;
			productType = "com.apple.product-type.application";
		};
/* End PBXNativeTarget section */

/* Begin PBXProject section */
		8A580BDF2B3CB25F007F77C8 /* Project object */ = {
			isa = PBXProject;
			attributes = {
				BuildIndependentTargetsInParallel = 1;
				LastSwiftUpdateCheck = 1510;
				LastUpgradeCheck = 1510;
				TargetAttributes = {
					8A580BE62B3CB25F007F77C8 = {
						CreatedOnToolsVersion = 15.1;
					};
				};
			};
			buildConfigurationList = 8A580BE22B3CB25F007F77C8 /* Build configuration list for PBXProject "Refs" */;
			compatibilityVersion = "Xcode 14.0";
			developmentRegion = en;
			hasScannedForEncodings = 0;
			knownRegions = (
				en,
				Base,
			);
			mainGroup = 8A580BDE2B3CB25F007F77C8;
			productRefGroup = 8A580BE82B3CB25F007F77C8 /* Products */;
			projectDirPath = "";
			projectRoot = "";
			targets = (
				8A580BE62B3CB25F007F77C8 /* Refs */,
			);
		};
/* End PBXProject section */

/* Begin PBXResourcesBuildPhase section */
		8A580BE52B3CB25F007F77C8 /* Resources */ = {
			isa = PBXResourcesBuildPhase;
			buildActionMask = 2147483647;
			files = (
				8A580BFA2B3CB262007F77C8 /* LaunchScreen.storyboard in Resources */,
				8A580BF72B3CB262007F77C8 /* Assets.xcassets in Resources */,
			);
			runOnlyForDeploymentPostprocessing = 0;
		};
/* End PBXResourcesBuildPhase section */

/* Begin PBXSourcesBuildPhase section */
		8A580BE32B3CB25F007F77C8 /* Sources */ = {
			isa = PBXSourcesBuildPhase;
			buildActionMask = 2147483647;
			files = (
				8A580C062B3D6458007F77C8 /* HowToPlayVC.swift in Sources */,
				8A580C042B3D6429007F77C8 /* ProfileVC.swift in Sources */,
				8A580BF52B3CB25F007F77C8 /* Refs.xcdatamodeld in Sources */,
				8A580C022B3CB3D0007F77C8 /* TasksVC.swift in Sources */,
				8A580BEB2B3CB25F007F77C8 /* AppDelegate.swift in Sources */,
				8A580C322B3DEC70007F77C8 /* UIView+Pin.swift in Sources */,
				8A580C2F2B3DB30F007F77C8 /* UIColorExtension.swift in Sources */,
				8A580C2D2B3DAC0B007F77C8 /* MainTabBarVC.swift in Sources */,
				8A580BED2B3CB25F007F77C8 /* SceneDelegate.swift in Sources */,
				8A580C082B3D647D007F77C8 /* MainVC.swift in Sources */,
			);
			runOnlyForDeploymentPostprocessing = 0;
		};
/* End PBXSourcesBuildPhase section */

/* Begin PBXVariantGroup section */
		8A580BF82B3CB262007F77C8 /* LaunchScreen.storyboard */ = {
			isa = PBXVariantGroup;
			children = (
				8A580BF92B3CB262007F77C8 /* Base */,
			);
			name = LaunchScreen.storyboard;
			sourceTree = "<group>";
		};
/* End PBXVariantGroup section */

/* Begin XCBuildConfiguration section */
		8A580BFC2B3CB262007F77C8 /* Debug */ = {
			isa = XCBuildConfiguration;
			buildSettings = {
				ALWAYS_SEARCH_USER_PATHS = NO;
				ASSETCATALOG_COMPILER_GENERATE_SWIFT_ASSET_SYMBOL_EXTENSIONS = YES;
				CLANG_ANALYZER_NONNULL = YES;
				CLANG_ANALYZER_NUMBER_OBJECT_CONVERSION = YES_AGGRESSIVE;
				CLANG_CXX_LANGUAGE_STANDARD = "gnu++20";
				CLANG_ENABLE_MODULES = YES;
				CLANG_ENABLE_OBJC_ARC = YES;
				CLANG_ENABLE_OBJC_WEAK = YES;
				CLANG_WARN_BLOCK_CAPTURE_AUTORELEASING = YES;
				CLANG_WARN_BOOL_CONVERSION = YES;
				CLANG_WARN_COMMA = YES;
				CLANG_WARN_CONSTANT_CONVERSION = YES;
				CLANG_WARN_DEPRECATED_OBJC_IMPLEMENTATIONS = YES;
				CLANG_WARN_DIRECT_OBJC_ISA_USAGE = YES_ERROR;
				CLANG_WARN_DOCUMENTATION_COMMENTS = YES;
				CLANG_WARN_EMPTY_BODY = YES;
				CLANG_WARN_ENUM_CONVERSION = YES;
				CLANG_WARN_INFINITE_RECURSION = YES;
				CLANG_WARN_INT_CONVERSION = YES;
				CLANG_WARN_NON_LITERAL_NULL_CONVERSION = YES;
				CLANG_WARN_OBJC_IMPLICIT_RETAIN_SELF = YES;
				CLANG_WARN_OBJC_LITERAL_CONVERSION = YES;
				CLANG_WARN_OBJC_ROOT_CLASS = YES_ERROR;
				CLANG_WARN_QUOTED_INCLUDE_IN_FRAMEWORK_HEADER = YES;
				CLANG_WARN_RANGE_LOOP_ANALYSIS = YES;
				CLANG_WARN_STRICT_PROTOTYPES = YES;
				CLANG_WARN_SUSPICIOUS_MOVE = YES;
				CLANG_WARN_UNGUARDED_AVAILABILITY = YES_AGGRESSIVE;
				CLANG_WARN_UNREACHABLE_CODE = YES;
				CLANG_WARN__DUPLICATE_METHOD_MATCH = YES;
				COPY_PHASE_STRIP = NO;
				DEBUG_INFORMATION_FORMAT = dwarf;
				ENABLE_STRICT_OBJC_MSGSEND = YES;
				ENABLE_TESTABILITY = YES;
				ENABLE_USER_SCRIPT_SANDBOXING = YES;
				GCC_C_LANGUAGE_STANDARD = gnu17;
				GCC_DYNAMIC_NO_PIC = NO;
				GCC_NO_COMMON_BLOCKS = YES;
				GCC_OPTIMIZATION_LEVEL = 0;
				GCC_PREPROCESSOR_DEFINITIONS = (
					"DEBUG=1",
					"$(inherited)",
				);
				GCC_WARN_64_TO_32_BIT_CONVERSION = YES;
				GCC_WARN_ABOUT_RETURN_TYPE = YES_ERROR;
				GCC_WARN_UNDECLARED_SELECTOR = YES;
				GCC_WARN_UNINITIALIZED_AUTOS = YES_AGGRESSIVE;
				GCC_WARN_UNUSED_FUNCTION = YES;
				GCC_WARN_UNUSED_VARIABLE = YES;
				IPHONEOS_DEPLOYMENT_TARGET = 17.2;
				LOCALIZATION_PREFERS_STRING_CATALOGS = YES;
				MTL_ENABLE_DEBUG_INFO = INCLUDE_SOURCE;
				MTL_FAST_MATH = YES;
				ONLY_ACTIVE_ARCH = YES;
				SDKROOT = iphoneos;
				SWIFT_ACTIVE_COMPILATION_CONDITIONS = "DEBUG $(inherited)";
				SWIFT_OPTIMIZATION_LEVEL = "-Onone";
			};
			name = Debug;
		};
		8A580BFD2B3CB262007F77C8 /* Release */ = {
			isa = XCBuildConfiguration;
			buildSettings = {
				ALWAYS_SEARCH_USER_PATHS = NO;
				ASSETCATALOG_COMPILER_GENERATE_SWIFT_ASSET_SYMBOL_EXTENSIONS = YES;
				CLANG_ANALYZER_NONNULL = YES;
				CLANG_ANALYZER_NUMBER_OBJECT_CONVERSION = YES_AGGRESSIVE;
				CLANG_CXX_LANGUAGE_STANDARD = "gnu++20";
				CLANG_ENABLE_MODULES = YES;
				CLANG_ENABLE_OBJC_ARC = YES;
				CLANG_ENABLE_OBJC_WEAK = YES;
				CLANG_WARN_BLOCK_CAPTURE_AUTORELEASING = YES;
				CLANG_WARN_BOOL_CONVERSION = YES;
				CLANG_WARN_COMMA = YES;
				CLANG_WARN_CONSTANT_CONVERSION = YES;
				CLANG_WARN_DEPRECATED_OBJC_IMPLEMENTATIONS = YES;
				CLANG_WARN_DIRECT_OBJC_ISA_USAGE = YES_ERROR;
				CLANG_WARN_DOCUMENTATION_COMMENTS = YES;
				CLANG_WARN_EMPTY_BODY = YES;
				CLANG_WARN_ENUM_CONVERSION = YES;
				CLANG_WARN_INFINITE_RECURSION = YES;
				CLANG_WARN_INT_CONVERSION = YES;
				CLANG_WARN_NON_LITERAL_NULL_CONVERSION = YES;
				CLANG_WARN_OBJC_IMPLICIT_RETAIN_SELF = YES;
				CLANG_WARN_OBJC_LITERAL_CONVERSION = YES;
				CLANG_WARN_OBJC_ROOT_CLASS = YES_ERROR;
				CLANG_WARN_QUOTED_INCLUDE_IN_FRAMEWORK_HEADER = YES;
				CLANG_WARN_RANGE_LOOP_ANALYSIS = YES;
				CLANG_WARN_STRICT_PROTOTYPES = YES;
				CLANG_WARN_SUSPICIOUS_MOVE = YES;
				CLANG_WARN_UNGUARDED_AVAILABILITY = YES_AGGRESSIVE;
				CLANG_WARN_UNREACHABLE_CODE = YES;
				CLANG_WARN__DUPLICATE_METHOD_MATCH = YES;
				COPY_PHASE_STRIP = NO;
				DEBUG_INFORMATION_FORMAT = "dwarf-with-dsym";
				ENABLE_NS_ASSERTIONS = NO;
				ENABLE_STRICT_OBJC_MSGSEND = YES;
				ENABLE_USER_SCRIPT_SANDBOXING = YES;
				GCC_C_LANGUAGE_STANDARD = gnu17;
				GCC_NO_COMMON_BLOCKS = YES;
				GCC_WARN_64_TO_32_BIT_CONVERSION = YES;
				GCC_WARN_ABOUT_RETURN_TYPE = YES_ERROR;
				GCC_WARN_UNDECLARED_SELECTOR = YES;
				GCC_WARN_UNINITIALIZED_AUTOS = YES_AGGRESSIVE;
				GCC_WARN_UNUSED_FUNCTION = YES;
				GCC_WARN_UNUSED_VARIABLE = YES;
				IPHONEOS_DEPLOYMENT_TARGET = 17.2;
				LOCALIZATION_PREFERS_STRING_CATALOGS = YES;
				MTL_ENABLE_DEBUG_INFO = NO;
				MTL_FAST_MATH = YES;
				SDKROOT = iphoneos;
				SWIFT_COMPILATION_MODE = wholemodule;
				VALIDATE_PRODUCT = YES;
			};
			name = Release;
		};
		8A580BFF2B3CB262007F77C8 /* Debug */ = {
			isa = XCBuildConfiguration;
			buildSettings = {
				ASSETCATALOG_COMPILER_APPICON_NAME = AppIcon;
				ASSETCATALOG_COMPILER_GLOBAL_ACCENT_COLOR_NAME = AccentColor;
				CODE_SIGN_STYLE = Automatic;
				CURRENT_PROJECT_VERSION = 1;
				GENERATE_INFOPLIST_FILE = YES;
				INFOPLIST_FILE = Refs/Info.plist;
				INFOPLIST_KEY_UIApplicationSupportsIndirectInputEvents = YES;
				INFOPLIST_KEY_UILaunchStoryboardName = LaunchScreen;
				INFOPLIST_KEY_UISupportedInterfaceOrientations_iPad = "UIInterfaceOrientationPortrait UIInterfaceOrientationPortraitUpsideDown UIInterfaceOrientationLandscapeLeft UIInterfaceOrientationLandscapeRight";
				INFOPLIST_KEY_UISupportedInterfaceOrientations_iPhone = "UIInterfaceOrientationPortrait UIInterfaceOrientationLandscapeLeft UIInterfaceOrientationLandscapeRight";
				LD_RUNPATH_SEARCH_PATHS = (
					"$(inherited)",
					"@executable_path/Frameworks",
				);
				MARKETING_VERSION = 1.0;
				PRODUCT_BUNDLE_IDENTIFIER = Refs.Refs;
				PRODUCT_NAME = "$(TARGET_NAME)";
				SWIFT_EMIT_LOC_STRINGS = YES;
				SWIFT_VERSION = 5.0;
				TARGETED_DEVICE_FAMILY = "1,2";
			};
			name = Debug;
		};
		8A580C002B3CB262007F77C8 /* Release */ = {
			isa = XCBuildConfiguration;
			buildSettings = {
				ASSETCATALOG_COMPILER_APPICON_NAME = AppIcon;
				ASSETCATALOG_COMPILER_GLOBAL_ACCENT_COLOR_NAME = AccentColor;
				CODE_SIGN_STYLE = Automatic;
				CURRENT_PROJECT_VERSION = 1;
				GENERATE_INFOPLIST_FILE = YES;
				INFOPLIST_FILE = Refs/Info.plist;
				INFOPLIST_KEY_UIApplicationSupportsIndirectInputEvents = YES;
				INFOPLIST_KEY_UILaunchStoryboardName = LaunchScreen;
				INFOPLIST_KEY_UISupportedInterfaceOrientations_iPad = "UIInterfaceOrientationPortrait UIInterfaceOrientationPortraitUpsideDown UIInterfaceOrientationLandscapeLeft UIInterfaceOrientationLandscapeRight";
				INFOPLIST_KEY_UISupportedInterfaceOrientations_iPhone = "UIInterfaceOrientationPortrait UIInterfaceOrientationLandscapeLeft UIInterfaceOrientationLandscapeRight";
				LD_RUNPATH_SEARCH_PATHS = (
					"$(inherited)",
					"@executable_path/Frameworks",
				);
				MARKETING_VERSION = 1.0;
				PRODUCT_BUNDLE_IDENTIFIER = Refs.Refs;
				PRODUCT_NAME = "$(TARGET_NAME)";
				SWIFT_EMIT_LOC_STRINGS = YES;
				SWIFT_VERSION = 5.0;
				TARGETED_DEVICE_FAMILY = "1,2";
			};
			name = Release;
		};
/* End XCBuildConfiguration section */

/* Begin XCConfigurationList section */
		8A580BE22B3CB25F007F77C8 /* Build configuration list for PBXProject "Refs" */ = {
			isa = XCConfigurationList;
			buildConfigurations = (
				8A580BFC2B3CB262007F77C8 /* Debug */,
				8A580BFD2B3CB262007F77C8 /* Release */,
			);
			defaultConfigurationIsVisible = 0;
			defaultConfigurationName = Release;
		};
		8A580BFE2B3CB262007F77C8 /* Build configuration list for PBXNativeTarget "Refs" */ = {
			isa = XCConfigurationList;
			buildConfigurations = (
				8A580BFF2B3CB262007F77C8 /* Debug */,
				8A580C002B3CB262007F77C8 /* Release */,
			);
			defaultConfigurationIsVisible = 0;
			defaultConfigurationName = Release;
		};
/* End XCConfigurationList section */

/* Begin XCVersionGroup section */
		8A580BF32B3CB25F007F77C8 /* Refs.xcdatamodeld */ = {
			isa = XCVersionGroup;
			children = (
				8A580BF42B3CB25F007F77C8 /* Refs.xcdatamodel */,
			);
			currentVersion = 8A580BF42B3CB25F007F77C8 /* Refs.xcdatamodel */;
			path = Refs.xcdatamodeld;
			sourceTree = "<group>";
			versionGroupType = wrapper.xcdatamodel;
		};
/* End XCVersionGroup section */
	};
	rootObject = 8A580BDF2B3CB25F007F77C8 /* Project object */;
}
